// !$*UTF8*$!
{
	archiveVersion = 1;
	classes = {
	};
	objectVersion = 46;
	objects = {

/* Begin PBXBuildFile section */
		27E7C87B1C3C531000C07E37 /* main.m in Sources */ = {isa = PBXBuildFile; fileRef = 27E7C87A1C3C531000C07E37 /* main.m */; };
		27E7C87E1C3C531000C07E37 /* AppDelegate.m in Sources */ = {isa = PBXBuildFile; fileRef = 27E7C87D1C3C531000C07E37 /* AppDelegate.m */; };
		27E7C8811C3C531000C07E37 /* ViewController.m in Sources */ = {isa = PBXBuildFile; fileRef = 27E7C8801C3C531000C07E37 /* ViewController.m */; };
		27E7C8841C3C531000C07E37 /* Main.storyboard in Resources */ = {isa = PBXBuildFile; fileRef = 27E7C8821C3C531000C07E37 /* Main.storyboard */; };
		27E7C8861C3C531000C07E37 /* Assets.xcassets in Resources */ = {isa = PBXBuildFile; fileRef = 27E7C8851C3C531000C07E37 /* Assets.xcassets */; };
		27E7C8891C3C531000C07E37 /* LaunchScreen.storyboard in Resources */ = {isa = PBXBuildFile; fileRef = 27E7C8871C3C531000C07E37 /* LaunchScreen.storyboard */; };
		27E7C8941C3C531000C07E37 /* helloworld_button_objcTests.m in Sources */ = {isa = PBXBuildFile; fileRef = 27E7C8931C3C531000C07E37 /* helloworld_button_objcTests.m */; };
		27E7C89F1C3C531000C07E37 /* helloworld_button_objcUITests.m in Sources */ = {isa = PBXBuildFile; fileRef = 27E7C89E1C3C531000C07E37 /* helloworld_button_objcUITests.m */; };
/* End PBXBuildFile section */

/* Begin PBXContainerItemProxy section */
		27E7C8901C3C531000C07E37 /* PBXContainerItemProxy */ = {
			isa = PBXContainerItemProxy;
			containerPortal = 27E7C86E1C3C531000C07E37 /* Project object */;
			proxyType = 1;
			remoteGlobalIDString = 27E7C8751C3C531000C07E37;
			remoteInfo = "helloworld-button-objc";
		};
		27E7C89B1C3C531000C07E37 /* PBXContainerItemProxy */ = {
			isa = PBXContainerItemProxy;
			containerPortal = 27E7C86E1C3C531000C07E37 /* Project object */;
			proxyType = 1;
			remoteGlobalIDString = 27E7C8751C3C531000C07E37;
			remoteInfo = "helloworld-button-objc";
		};
/* End PBXContainerItemProxy section */

/* Begin PBXFileReference section */
		27E7C8761C3C531000C07E37 /* helloworld-button-objc.app */ = {isa = PBXFileReference; explicitFileType = wrapper.application; includeInIndex = 0; path = "helloworld-button-objc.app"; sourceTree = BUILT_PRODUCTS_DIR; };
		27E7C87A1C3C531000C07E37 /* main.m */ = {isa = PBXFileReference; lastKnownFileType = sourcecode.c.objc; path = main.m; sourceTree = "<group>"; };
		27E7C87C1C3C531000C07E37 /* AppDelegate.h */ = {isa = PBXFileReference; lastKnownFileType = sourcecode.c.h; path = AppDelegate.h; sourceTree = "<group>"; };
		27E7C87D1C3C531000C07E37 /* AppDelegate.m */ = {isa = PBXFileReference; lastKnownFileType = sourcecode.c.objc; path = AppDelegate.m; sourceTree = "<group>"; };
		27E7C87F1C3C531000C07E37 /* ViewController.h */ = {isa = PBXFileReference; lastKnownFileType = sourcecode.c.h; path = ViewController.h; sourceTree = "<group>"; };
		27E7C8801C3C531000C07E37 /* ViewController.m */ = {isa = PBXFileReference; lastKnownFileType = sourcecode.c.objc; path = ViewController.m; sourceTree = "<group>"; };
		27E7C8831C3C531000C07E37 /* Base */ = {isa = PBXFileReference; lastKnownFileType = file.storyboard; name = Base; path = Base.lproj/Main.storyboard; sourceTree = "<group>"; };
		27E7C8851C3C531000C07E37 /* Assets.xcassets */ = {isa = PBXFileReference; lastKnownFileType = folder.assetcatalog; path = Assets.xcassets; sourceTree = "<group>"; };
		27E7C8881C3C531000C07E37 /* Base */ = {isa = PBXFileReference; lastKnownFileType = file.storyboard; name = Base; path = Base.lproj/LaunchScreen.storyboard; sourceTree = "<group>"; };
		27E7C88A1C3C531000C07E37 /* Info.plist */ = {isa = PBXFileReference; lastKnownFileType = text.plist.xml; path = Info.plist; sourceTree = "<group>"; };
		27E7C88F1C3C531000C07E37 /* helloworld-button-objcTests.xctest */ = {isa = PBXFileReference; explicitFileType = wrapper.cfbundle; includeInIndex = 0; path = "helloworld-button-objcTests.xctest"; sourceTree = BUILT_PRODUCTS_DIR; };
		27E7C8931C3C531000C07E37 /* helloworld_button_objcTests.m */ = {isa = PBXFileReference; lastKnownFileType = sourcecode.c.objc; path = helloworld_button_objcTests.m; sourceTree = "<group>"; };
		27E7C8951C3C531000C07E37 /* Info.plist */ = {isa = PBXFileReference; lastKnownFileType = text.plist.xml; path = Info.plist; sourceTree = "<group>"; };
		27E7C89A1C3C531000C07E37 /* helloworld-button-objcUITests.xctest */ = {isa = PBXFileReference; explicitFileType = wrapper.cfbundle; includeInIndex = 0; path = "helloworld-button-objcUITests.xctest"; sourceTree = BUILT_PRODUCTS_DIR; };
		27E7C89E1C3C531000C07E37 /* helloworld_button_objcUITests.m */ = {isa = PBXFileReference; lastKnownFileType = sourcecode.c.objc; path = helloworld_button_objcUITests.m; sourceTree = "<group>"; };
		27E7C8A01C3C531000C07E37 /* Info.plist */ = {isa = PBXFileReference; lastKnownFileType = text.plist.xml; path = Info.plist; sourceTree = "<group>"; };
/* End PBXFileReference section */

/* Begin PBXFrameworksBuildPhase section */
		27E7C8731C3C531000C07E37 /* Frameworks */ = {
			isa = PBXFrameworksBuildPhase;
			buildActionMask = 2147483647;
			files = (
			);
			runOnlyForDeploymentPostprocessing = 0;
		};
		27E7C88C1C3C531000C07E37 /* Frameworks */ = {
			isa = PBXFrameworksBuildPhase;
			buildActionMask = 2147483647;
			files = (
			);
			runOnlyForDeploymentPostprocessing = 0;
		};
		27E7C8971C3C531000C07E37 /* Frameworks */ = {
			isa = PBXFrameworksBuildPhase;
			buildActionMask = 2147483647;
			files = (
			);
			runOnlyForDeploymentPostprocessing = 0;
		};
/* End PBXFrameworksBuildPhase section */

/* Begin PBXGroup section */
		27E7C86D1C3C531000C07E37 = {
			isa = PBXGroup;
			children = (
				27E7C8781C3C531000C07E37 /* helloworld-button-objc */,
				27E7C8921C3C531000C07E37 /* helloworld-button-objcTests */,
				27E7C89D1C3C531000C07E37 /* helloworld-button-objcUITests */,
				27E7C8771C3C531000C07E37 /* Products */,
			);
			sourceTree = "<group>";
		};
		27E7C8771C3C531000C07E37 /* Products */ = {
			isa = PBXGroup;
			children = (
				27E7C8761C3C531000C07E37 /* helloworld-button-objc.app */,
				27E7C88F1C3C531000C07E37 /* helloworld-button-objcTests.xctest */,
				27E7C89A1C3C531000C07E37 /* helloworld-button-objcUITests.xctest */,
			);
			name = Products;
			sourceTree = "<group>";
		};
		27E7C8781C3C531000C07E37 /* helloworld-button-objc */ = {
			isa = PBXGroup;
			children = (
				27E7C87C1C3C531000C07E37 /* AppDelegate.h */,
				27E7C87D1C3C531000C07E37 /* AppDelegate.m */,
				27E7C87F1C3C531000C07E37 /* ViewController.h */,
				27E7C8801C3C531000C07E37 /* ViewController.m */,
				27E7C8821C3C531000C07E37 /* Main.storyboard */,
				27E7C8851C3C531000C07E37 /* Assets.xcassets */,
				27E7C8871C3C531000C07E37 /* LaunchScreen.storyboard */,
				27E7C88A1C3C531000C07E37 /* Info.plist */,
				27E7C8791C3C531000C07E37 /* Supporting Files */,
			);
			path = "helloworld-button-objc";
			sourceTree = "<group>";
		};
		27E7C8791C3C531000C07E37 /* Supporting Files */ = {
			isa = PBXGroup;
			children = (
				27E7C87A1C3C531000C07E37 /* main.m */,
			);
			name = "Supporting Files";
			sourceTree = "<group>";
		};
		27E7C8921C3C531000C07E37 /* helloworld-button-objcTests */ = {
			isa = PBXGroup;
			children = (
				27E7C8931C3C531000C07E37 /* helloworld_button_objcTests.m */,
				27E7C8951C3C531000C07E37 /* Info.plist */,
			);
			path = "helloworld-button-objcTests";
			sourceTree = "<group>";
		};
		27E7C89D1C3C531000C07E37 /* helloworld-button-objcUITests */ = {
			isa = PBXGroup;
			children = (
				27E7C89E1C3C531000C07E37 /* helloworld_button_objcUITests.m */,
				27E7C8A01C3C531000C07E37 /* Info.plist */,
			);
			path = "helloworld-button-objcUITests";
			sourceTree = "<group>";
		};
/* End PBXGroup section */

/* Begin PBXNativeTarget section */
		27E7C8751C3C531000C07E37 /* helloworld-button-objc */ = {
			isa = PBXNativeTarget;
			buildConfigurationList = 27E7C8A31C3C531000C07E37 /* Build configuration list for PBXNativeTarget "helloworld-button-objc" */;
			buildPhases = (
				27E7C8721C3C531000C07E37 /* Sources */,
				27E7C8731C3C531000C07E37 /* Frameworks */,
				27E7C8741C3C531000C07E37 /* Resources */,
			);
			buildRules = (
			);
			dependencies = (
			);
			name = "helloworld-button-objc";
			productName = "helloworld-button-objc";
			productReference = 27E7C8761C3C531000C07E37 /* helloworld-button-objc.app */;
			productType = "com.apple.product-type.application";
		};
		27E7C88E1C3C531000C07E37 /* helloworld-button-objcTests */ = {
			isa = PBXNativeTarget;
			buildConfigurationList = 27E7C8A61C3C531000C07E37 /* Build configuration list for PBXNativeTarget "helloworld-button-objcTests" */;
			buildPhases = (
				27E7C88B1C3C531000C07E37 /* Sources */,
				27E7C88C1C3C531000C07E37 /* Frameworks */,
				27E7C88D1C3C531000C07E37 /* Resources */,
			);
			buildRules = (
			);
			dependencies = (
				27E7C8911C3C531000C07E37 /* PBXTargetDependency */,
			);
			name = "helloworld-button-objcTests";
			productName = "helloworld-button-objcTests";
			productReference = 27E7C88F1C3C531000C07E37 /* helloworld-button-objcTests.xctest */;
			productType = "com.apple.product-type.bundle.unit-test";
		};
		27E7C8991C3C531000C07E37 /* helloworld-button-objcUITests */ = {
			isa = PBXNativeTarget;
			buildConfigurationList = 27E7C8A91C3C531000C07E37 /* Build configuration list for PBXNativeTarget "helloworld-button-objcUITests" */;
			buildPhases = (
				27E7C8961C3C531000C07E37 /* Sources */,
				27E7C8971C3C531000C07E37 /* Frameworks */,
				27E7C8981C3C531000C07E37 /* Resources */,
			);
			buildRules = (
			);
			dependencies = (
				27E7C89C1C3C531000C07E37 /* PBXTargetDependency */,
			);
			name = "helloworld-button-objcUITests";
			productName = "helloworld-button-objcUITests";
			productReference = 27E7C89A1C3C531000C07E37 /* helloworld-button-objcUITests.xctest */;
			productType = "com.apple.product-type.bundle.ui-testing";
		};
/* End PBXNativeTarget section */

/* Begin PBXProject section */
		27E7C86E1C3C531000C07E37 /* Project object */ = {
			isa = PBXProject;
			attributes = {
				LastUpgradeCheck = 0720;
				ORGANIZATIONNAME = "Hy-tsoung Chang";
				TargetAttributes = {
					27E7C8751C3C531000C07E37 = {
						CreatedOnToolsVersion = 7.2;
					};
					27E7C88E1C3C531000C07E37 = {
						CreatedOnToolsVersion = 7.2;
						TestTargetID = 27E7C8751C3C531000C07E37;
					};
					27E7C8991C3C531000C07E37 = {
						CreatedOnToolsVersion = 7.2;
						TestTargetID = 27E7C8751C3C531000C07E37;
					};
				};
			};
			buildConfigurationList = 27E7C8711C3C531000C07E37 /* Build configuration list for PBXProject "helloworld-button-objc" */;
			compatibilityVersion = "Xcode 3.2";
			developmentRegion = English;
			hasScannedForEncodings = 0;
			knownRegions = (
				en,
				Base,
			);
			mainGroup = 27E7C86D1C3C531000C07E37;
			productRefGroup = 27E7C8771C3C531000C07E37 /* Products */;
			projectDirPath = "";
			projectRoot = "";
			targets = (
				27E7C8751C3C531000C07E37 /* helloworld-button-objc */,
				27E7C88E1C3C531000C07E37 /* helloworld-button-objcTests */,
				27E7C8991C3C531000C07E37 /* helloworld-button-objcUITests */,
			);
		};
/* End PBXProject section */

/* Begin PBXResourcesBuildPhase section */
		27E7C8741C3C531000C07E37 /* Resources */ = {
			isa = PBXResourcesBuildPhase;
			buildActionMask = 2147483647;
			files = (
				27E7C8891C3C531000C07E37 /* LaunchScreen.storyboard in Resources */,
				27E7C8861C3C531000C07E37 /* Assets.xcassets in Resources */,
				27E7C8841C3C531000C07E37 /* Main.storyboard in Resources */,
			);
			runOnlyForDeploymentPostprocessing = 0;
		};
		27E7C88D1C3C531000C07E37 /* Resources */ = {
			isa = PBXResourcesBuildPhase;
			buildActionMask = 2147483647;
			files = (
			);
			runOnlyForDeploymentPostprocessing = 0;
		};
		27E7C8981C3C531000C07E37 /* Resources */ = {
			isa = PBXResourcesBuildPhase;
			buildActionMask = 2147483647;
			files = (
			);
			runOnlyForDeploymentPostprocessing = 0;
		};
/* End PBXResourcesBuildPhase section */

/* Begin PBXSourcesBuildPhase section */
		27E7C8721C3C531000C07E37 /* Sources */ = {
			isa = PBXSourcesBuildPhase;
			buildActionMask = 2147483647;
			files = (
				27E7C8811C3C531000C07E37 /* ViewController.m in Sources */,
				27E7C87E1C3C531000C07E37 /* AppDelegate.m in Sources */,
				27E7C87B1C3C531000C07E37 /* main.m in Sources */,
			);
			runOnlyForDeploymentPostprocessing = 0;
		};
		27E7C88B1C3C531000C07E37 /* Sources */ = {
			isa = PBXSourcesBuildPhase;
			buildActionMask = 2147483647;
			files = (
				27E7C8941C3C531000C07E37 /* helloworld_button_objcTests.m in Sources */,
			);
			runOnlyForDeploymentPostprocessing = 0;
		};
		27E7C8961C3C531000C07E37 /* Sources */ = {
			isa = PBXSourcesBuildPhase;
			buildActionMask = 2147483647;
			files = (
				27E7C89F1C3C531000C07E37 /* helloworld_button_objcUITests.m in Sources */,
			);
			runOnlyForDeploymentPostprocessing = 0;
		};
/* End PBXSourcesBuildPhase section */

/* Begin PBXTargetDependency section */
		27E7C8911C3C531000C07E37 /* PBXTargetDependency */ = {
			isa = PBXTargetDependency;
			target = 27E7C8751C3C531000C07E37 /* helloworld-button-objc */;
			targetProxy = 27E7C8901C3C531000C07E37 /* PBXContainerItemProxy */;
		};
		27E7C89C1C3C531000C07E37 /* PBXTargetDependency */ = {
			isa = PBXTargetDependency;
			target = 27E7C8751C3C531000C07E37 /* helloworld-button-objc */;
			targetProxy = 27E7C89B1C3C531000C07E37 /* PBXContainerItemProxy */;
		};
/* End PBXTargetDependency section */

/* Begin PBXVariantGroup section */
		27E7C8821C3C531000C07E37 /* Main.storyboard */ = {
			isa = PBXVariantGroup;
			children = (
				27E7C8831C3C531000C07E37 /* Base */,
			);
			name = Main.storyboard;
			sourceTree = "<group>";
		};
		27E7C8871C3C531000C07E37 /* LaunchScreen.storyboard */ = {
			isa = PBXVariantGroup;
			children = (
				27E7C8881C3C531000C07E37 /* Base */,
			);
			name = LaunchScreen.storyboard;
			sourceTree = "<group>";
		};
/* End PBXVariantGroup section */

/* Begin XCBuildConfiguration section */
		27E7C8A11C3C531000C07E37 /* Debug */ = {
			isa = XCBuildConfiguration;
			buildSettings = {
				ALWAYS_SEARCH_USER_PATHS = NO;
				CLANG_CXX_LANGUAGE_STANDARD = "gnu++0x";
				CLANG_CXX_LIBRARY = "libc++";
				CLANG_ENABLE_MODULES = YES;
				CLANG_ENABLE_OBJC_ARC = YES;
				CLANG_WARN_BOOL_CONVERSION = YES;
				CLANG_WARN_CONSTANT_CONVERSION = YES;
				CLANG_WARN_DIRECT_OBJC_ISA_USAGE = YES_ERROR;
				CLANG_WARN_EMPTY_BODY = YES;
				CLANG_WARN_ENUM_CONVERSION = YES;
				CLANG_WARN_INT_CONVERSION = YES;
				CLANG_WARN_OBJC_ROOT_CLASS = YES_ERROR;
				CLANG_WARN_UNREACHABLE_CODE = YES;
				CLANG_WARN__DUPLICATE_METHOD_MATCH = YES;
				"CODE_SIGN_IDENTITY[sdk=iphoneos*]" = "iPhone Developer";
				COPY_PHASE_STRIP = NO;
				DEBUG_INFORMATION_FORMAT = dwarf;
				ENABLE_STRICT_OBJC_MSGSEND = YES;
				ENABLE_TESTABILITY = YES;
				GCC_C_LANGUAGE_STANDARD = gnu99;
				GCC_DYNAMIC_NO_PIC = NO;
				GCC_NO_COMMON_BLOCKS = YES;
				GCC_OPTIMIZATION_LEVEL = 0;
				GCC_PREPROCESSOR_DEFINITIONS = (
					"DEBUG=1",
					"$(inherited)",
				);
				GCC_WARN_64_TO_32_BIT_CONVERSION = YES;
				GCC_WARN_ABOUT_RETURN_TYPE = YES_ERROR;
				GCC_WARN_UNDECLARED_SELECTOR = YES;
				GCC_WARN_UNINITIALIZED_AUTOS = YES_AGGRESSIVE;
				GCC_WARN_UNUSED_FUNCTION = YES;
				GCC_WARN_UNUSED_VARIABLE = YES;
				IPHONEOS_DEPLOYMENT_TARGET = 9.2;
				MTL_ENABLE_DEBUG_INFO = YES;
				ONLY_ACTIVE_ARCH = YES;
				SDKROOT = iphoneos;
				TARGETED_DEVICE_FAMILY = "1,2";
			};
			name = Debug;
		};
		27E7C8A21C3C531000C07E37 /* Release */ = {
			isa = XCBuildConfiguration;
			buildSettings = {
				ALWAYS_SEARCH_USER_PATHS = NO;
				CLANG_CXX_LANGUAGE_STANDARD = "gnu++0x";
				CLANG_CXX_LIBRARY = "libc++";
				CLANG_ENABLE_MODULES = YES;
				CLANG_ENABLE_OBJC_ARC = YES;
				CLANG_WARN_BOOL_CONVERSION = YES;
				CLANG_WARN_CONSTANT_CONVERSION = YES;
				CLANG_WARN_DIRECT_OBJC_ISA_USAGE = YES_ERROR;
				CLANG_WARN_EMPTY_BODY = YES;
				CLANG_WARN_ENUM_CONVERSION = YES;
				CLANG_WARN_INT_CONVERSION = YES;
				CLANG_WARN_OBJC_ROOT_CLASS = YES_ERROR;
				CLANG_WARN_UNREACHABLE_CODE = YES;
				CLANG_WARN__DUPLICATE_METHOD_MATCH = YES;
				"CODE_SIGN_IDENTITY[sdk=iphoneos*]" = "iPhone Developer";
				COPY_PHASE_STRIP = NO;
				DEBUG_INFORMATION_FORMAT = "dwarf-with-dsym";
				ENABLE_NS_ASSERTIONS = NO;
				ENABLE_STRICT_OBJC_MSGSEND = YES;
				GCC_C_LANGUAGE_STANDARD = gnu99;
				GCC_NO_COMMON_BLOCKS = YES;
				GCC_WARN_64_TO_32_BIT_CONVERSION = YES;
				GCC_WARN_ABOUT_RETURN_TYPE = YES_ERROR;
				GCC_WARN_UNDECLARED_SELECTOR = YES;
				GCC_WARN_UNINITIALIZED_AUTOS = YES_AGGRESSIVE;
				GCC_WARN_UNUSED_FUNCTION = YES;
				GCC_WARN_UNUSED_VARIABLE = YES;
				IPHONEOS_DEPLOYMENT_TARGET = 9.2;
				MTL_ENABLE_DEBUG_INFO = NO;
				SDKROOT = iphoneos;
				TARGETED_DEVICE_FAMILY = "1,2";
				VALIDATE_PRODUCT = YES;
			};
			name = Release;
		};
		27E7C8A41C3C531000C07E37 /* Debug */ = {
			isa = XCBuildConfiguration;
			buildSettings = {
				ASSETCATALOG_COMPILER_APPICON_NAME = AppIcon;
				INFOPLIST_FILE = "helloworld-button-objc/Info.plist";
				LD_RUNPATH_SEARCH_PATHS = "$(inherited) @executable_path/Frameworks";
				PRODUCT_BUNDLE_IDENTIFIER = "com.hytsoung.helloworld-button-objc";
				PRODUCT_NAME = "$(TARGET_NAME)";
			};
			name = Debug;
		};
		27E7C8A51C3C531000C07E37 /* Release */ = {
			isa = XCBuildConfiguration;
			buildSettings = {
				ASSETCATALOG_COMPILER_APPICON_NAME = AppIcon;
				INFOPLIST_FILE = "helloworld-button-objc/Info.plist";
				LD_RUNPATH_SEARCH_PATHS = "$(inherited) @executable_path/Frameworks";
				PRODUCT_BUNDLE_IDENTIFIER = "com.hytsoung.helloworld-button-objc";
				PRODUCT_NAME = "$(TARGET_NAME)";
			};
			name = Release;
		};
		27E7C8A71C3C531000C07E37 /* Debug */ = {
			isa = XCBuildConfiguration;
			buildSettings = {
				BUNDLE_LOADER = "$(TEST_HOST)";
				INFOPLIST_FILE = "helloworld-button-objcTests/Info.plist";
				LD_RUNPATH_SEARCH_PATHS = "$(inherited) @executable_path/Frameworks @loader_path/Frameworks";
				PRODUCT_BUNDLE_IDENTIFIER = "com.hytsoung.helloworld-button-objcTests";
				PRODUCT_NAME = "$(TARGET_NAME)";
				TEST_HOST = "$(BUILT_PRODUCTS_DIR)/helloworld-button-objc.app/helloworld-button-objc";
			};
			name = Debug;
		};
		27E7C8A81C3C531000C07E37 /* Release */ = {
			isa = XCBuildConfiguration;
			buildSettings = {
				BUNDLE_LOADER = "$(TEST_HOST)";
				INFOPLIST_FILE = "helloworld-button-objcTests/Info.plist";
				LD_RUNPATH_SEARCH_PATHS = "$(inherited) @executable_path/Frameworks @loader_path/Frameworks";
				PRODUCT_BUNDLE_IDENTIFIER = "com.hytsoung.helloworld-button-objcTests";
				PRODUCT_NAME = "$(TARGET_NAME)";
				TEST_HOST = "$(BUILT_PRODUCTS_DIR)/helloworld-button-objc.app/helloworld-button-objc";
			};
			name = Release;
		};
		27E7C8AA1C3C531000C07E37 /* Debug */ = {
			isa = XCBuildConfiguration;
			buildSettings = {
				INFOPLIST_FILE = "helloworld-button-objcUITests/Info.plist";
				LD_RUNPATH_SEARCH_PATHS = "$(inherited) @executable_path/Frameworks @loader_path/Frameworks";
				PRODUCT_BUNDLE_IDENTIFIER = "com.hytsoung.helloworld-button-objcUITests";
				PRODUCT_NAME = "$(TARGET_NAME)";
				TEST_TARGET_NAME = "helloworld-button-objc";
				USES_XCTRUNNER = YES;
			};
			name = Debug;
		};
		27E7C8AB1C3C531000C07E37 /* Release */ = {
			isa = XCBuildConfiguration;
			buildSettings = {
				INFOPLIST_FILE = "helloworld-button-objcUITests/Info.plist";
				LD_RUNPATH_SEARCH_PATHS = "$(inherited) @executable_path/Frameworks @loader_path/Frameworks";
				PRODUCT_BUNDLE_IDENTIFIER = "com.hytsoung.helloworld-button-objcUITests";
				PRODUCT_NAME = "$(TARGET_NAME)";
				TEST_TARGET_NAME = "helloworld-button-objc";
				USES_XCTRUNNER = YES;
			};
			name = Release;
		};
/* End XCBuildConfiguration section */

/* Begin XCConfigurationList section */
		27E7C8711C3C531000C07E37 /* Build configuration list for PBXProject "helloworld-button-objc" */ = {
			isa = XCConfigurationList;
			buildConfigurations = (
				27E7C8A11C3C531000C07E37 /* Debug */,
				27E7C8A21C3C531000C07E37 /* Release */,
			);
			defaultConfigurationIsVisible = 0;
			defaultConfigurationName = Release;
		};
		27E7C8A31C3C531000C07E37 /* Build configuration list for PBXNativeTarget "helloworld-button-objc" */ = {
			isa = XCConfigurationList;
			buildConfigurations = (
				27E7C8A41C3C531000C07E37 /* Debug */,
				27E7C8A51C3C531000C07E37 /* Release */,
			);
			defaultConfigurationIsVisible = 0;
		};
		27E7C8A61C3C531000C07E37 /* Build configuration list for PBXNativeTarget "helloworld-button-objcTests" */ = {
			isa = XCConfigurationList;
			buildConfigurations = (
				27E7C8A71C3C531000C07E37 /* Debug */,
				27E7C8A81C3C531000C07E37 /* Release */,
			);
			defaultConfigurationIsVisible = 0;
		};
		27E7C8A91C3C531000C07E37 /* Build configuration list for PBXNativeTarget "helloworld-button-objcUITests" */ = {
			isa = XCConfigurationList;
			buildConfigurations = (
				27E7C8AA1C3C531000C07E37 /* Debug */,
				27E7C8AB1C3C531000C07E37 /* Release */,
			);
			defaultConfigurationIsVisible = 0;
		};
/* End XCConfigurationList section */
	};
	rootObject = 27E7C86E1C3C531000C07E37 /* Project object */;
}
