// !$*UTF8*$!
{
	archiveVersion = 1;
	classes = {
	};
	objectVersion = 46;
	objects = {

/* Begin PBXBuildFile section */
		2757104A1C41913F007A6DAC /* main.m in Sources */ = {isa = PBXBuildFile; fileRef = 275710491C41913F007A6DAC /* main.m */; };
		2757104D1C41913F007A6DAC /* AppDelegate.m in Sources */ = {isa = PBXBuildFile; fileRef = 2757104C1C41913F007A6DAC /* AppDelegate.m */; };
		275710501C41913F007A6DAC /* MainViewController.m in Sources */ = {isa = PBXBuildFile; fileRef = 2757104F1C41913F007A6DAC /* MainViewController.m */; };
		275710531C41913F007A6DAC /* Main.storyboard in Resources */ = {isa = PBXBuildFile; fileRef = 275710511C41913F007A6DAC /* Main.storyboard */; };
		275710551C41913F007A6DAC /* Assets.xcassets in Resources */ = {isa = PBXBuildFile; fileRef = 275710541C41913F007A6DAC /* Assets.xcassets */; };
		275710581C41913F007A6DAC /* LaunchScreen.storyboard in Resources */ = {isa = PBXBuildFile; fileRef = 275710561C41913F007A6DAC /* LaunchScreen.storyboard */; };
		275710611C41927C007A6DAC /* NameViewController.m in Sources */ = {isa = PBXBuildFile; fileRef = 275710601C41927C007A6DAC /* NameViewController.m */; };
/* End PBXBuildFile section */

/* Begin PBXFileReference section */
		275710451C41913F007A6DAC /* design-pattern-exercice.app */ = {isa = PBXFileReference; explicitFileType = wrapper.application; includeInIndex = 0; path = "design-pattern-exercice.app"; sourceTree = BUILT_PRODUCTS_DIR; };
		275710491C41913F007A6DAC /* main.m */ = {isa = PBXFileReference; lastKnownFileType = sourcecode.c.objc; path = main.m; sourceTree = "<group>"; };
		2757104B1C41913F007A6DAC /* AppDelegate.h */ = {isa = PBXFileReference; lastKnownFileType = sourcecode.c.h; path = AppDelegate.h; sourceTree = "<group>"; };
		2757104C1C41913F007A6DAC /* AppDelegate.m */ = {isa = PBXFileReference; lastKnownFileType = sourcecode.c.objc; path = AppDelegate.m; sourceTree = "<group>"; };
		2757104E1C41913F007A6DAC /* MainViewController.h */ = {isa = PBXFileReference; lastKnownFileType = sourcecode.c.h; path = MainViewController.h; sourceTree = "<group>"; };
		2757104F1C41913F007A6DAC /* MainViewController.m */ = {isa = PBXFileReference; lastKnownFileType = sourcecode.c.objc; path = MainViewController.m; sourceTree = "<group>"; };
		275710521C41913F007A6DAC /* Base */ = {isa = PBXFileReference; lastKnownFileType = file.storyboard; name = Base; path = Base.lproj/Main.storyboard; sourceTree = "<group>"; };
		275710541C41913F007A6DAC /* Assets.xcassets */ = {isa = PBXFileReference; lastKnownFileType = folder.assetcatalog; path = Assets.xcassets; sourceTree = "<group>"; };
		275710571C41913F007A6DAC /* Base */ = {isa = PBXFileReference; lastKnownFileType = file.storyboard; name = Base; path = Base.lproj/LaunchScreen.storyboard; sourceTree = "<group>"; };
		275710591C41913F007A6DAC /* Info.plist */ = {isa = PBXFileReference; lastKnownFileType = text.plist.xml; path = Info.plist; sourceTree = "<group>"; };
		2757105F1C41927C007A6DAC /* NameViewController.h */ = {isa = PBXFileReference; fileEncoding = 4; lastKnownFileType = sourcecode.c.h; path = NameViewController.h; sourceTree = "<group>"; };
		275710601C41927C007A6DAC /* NameViewController.m */ = {isa = PBXFileReference; fileEncoding = 4; lastKnownFileType = sourcecode.c.objc; path = NameViewController.m; sourceTree = "<group>"; };
/* End PBXFileReference section */

/* Begin PBXFrameworksBuildPhase section */
		275710421C41913F007A6DAC /* Frameworks */ = {
			isa = PBXFrameworksBuildPhase;
			buildActionMask = 2147483647;
			files = (
			);
			runOnlyForDeploymentPostprocessing = 0;
		};
/* End PBXFrameworksBuildPhase section */

/* Begin PBXGroup section */
		2757103C1C41913F007A6DAC = {
			isa = PBXGroup;
			children = (
				275710471C41913F007A6DAC /* design-pattern-exercice */,
				275710461C41913F007A6DAC /* Products */,
			);
			sourceTree = "<group>";
		};
		275710461C41913F007A6DAC /* Products */ = {
			isa = PBXGroup;
			children = (
				275710451C41913F007A6DAC /* design-pattern-exercice.app */,
			);
			name = Products;
			sourceTree = "<group>";
		};
		275710471C41913F007A6DAC /* design-pattern-exercice */ = {
			isa = PBXGroup;
			children = (
				2757104B1C41913F007A6DAC /* AppDelegate.h */,
				2757104C1C41913F007A6DAC /* AppDelegate.m */,
				2757104E1C41913F007A6DAC /* MainViewController.h */,
				2757104F1C41913F007A6DAC /* MainViewController.m */,
				2757105F1C41927C007A6DAC /* NameViewController.h */,
				275710601C41927C007A6DAC /* NameViewController.m */,
				275710511C41913F007A6DAC /* Main.storyboard */,
				275710541C41913F007A6DAC /* Assets.xcassets */,
				275710561C41913F007A6DAC /* LaunchScreen.storyboard */,
				275710591C41913F007A6DAC /* Info.plist */,
				275710481C41913F007A6DAC /* Supporting Files */,
			);
			path = "design-pattern-exercice";
			sourceTree = "<group>";
		};
		275710481C41913F007A6DAC /* Supporting Files */ = {
			isa = PBXGroup;
			children = (
				275710491C41913F007A6DAC /* main.m */,
			);
			name = "Supporting Files";
			sourceTree = "<group>";
		};
/* End PBXGroup section */

/* Begin PBXNativeTarget section */
		275710441C41913F007A6DAC /* design-pattern-exercice */ = {
			isa = PBXNativeTarget;
			buildConfigurationList = 2757105C1C41913F007A6DAC /* Build configuration list for PBXNativeTarget "design-pattern-exercice" */;
			buildPhases = (
				275710411C41913F007A6DAC /* Sources */,
				275710421C41913F007A6DAC /* Frameworks */,
				275710431C41913F007A6DAC /* Resources */,
			);
			buildRules = (
			);
			dependencies = (
			);
			name = "design-pattern-exercice";
			productName = "design-pattern-exercice";
			productReference = 275710451C41913F007A6DAC /* design-pattern-exercice.app */;
			productType = "com.apple.product-type.application";
		};
/* End PBXNativeTarget section */

/* Begin PBXProject section */
		2757103D1C41913F007A6DAC /* Project object */ = {
			isa = PBXProject;
			attributes = {
				LastUpgradeCheck = 0720;
				ORGANIZATIONNAME = "Hy-tsoung Chang";
				TargetAttributes = {
					275710441C41913F007A6DAC = {
						CreatedOnToolsVersion = 7.2;
					};
				};
			};
			buildConfigurationList = 275710401C41913F007A6DAC /* Build configuration list for PBXProject "design-pattern-exercice" */;
			compatibilityVersion = "Xcode 3.2";
			developmentRegion = English;
			hasScannedForEncodings = 0;
			knownRegions = (
				en,
				Base,
			);
			mainGroup = 2757103C1C41913F007A6DAC;
			productRefGroup = 275710461C41913F007A6DAC /* Products */;
			projectDirPath = "";
			projectRoot = "";
			targets = (
				275710441C41913F007A6DAC /* design-pattern-exercice */,
			);
		};
/* End PBXProject section */

/* Begin PBXResourcesBuildPhase section */
		275710431C41913F007A6DAC /* Resources */ = {
			isa = PBXResourcesBuildPhase;
			buildActionMask = 2147483647;
			files = (
				275710581C41913F007A6DAC /* LaunchScreen.storyboard in Resources */,
				275710551C41913F007A6DAC /* Assets.xcassets in Resources */,
				275710531C41913F007A6DAC /* Main.storyboard in Resources */,
			);
			runOnlyForDeploymentPostprocessing = 0;
		};
/* End PBXResourcesBuildPhase section */

/* Begin PBXSourcesBuildPhase section */
		275710411C41913F007A6DAC /* Sources */ = {
			isa = PBXSourcesBuildPhase;
			buildActionMask = 2147483647;
			files = (
				275710501C41913F007A6DAC /* MainViewController.m in Sources */,
				2757104D1C41913F007A6DAC /* AppDelegate.m in Sources */,
				2757104A1C41913F007A6DAC /* main.m in Sources */,
				275710611C41927C007A6DAC /* NameViewController.m in Sources */,
			);
			runOnlyForDeploymentPostprocessing = 0;
		};
/* End PBXSourcesBuildPhase section */

/* Begin PBXVariantGroup section */
		275710511C41913F007A6DAC /* Main.storyboard */ = {
			isa = PBXVariantGroup;
			children = (
				275710521C41913F007A6DAC /* Base */,
			);
			name = Main.storyboard;
			sourceTree = "<group>";
		};
		275710561C41913F007A6DAC /* LaunchScreen.storyboard */ = {
			isa = PBXVariantGroup;
			children = (
				275710571C41913F007A6DAC /* Base */,
			);
			name = LaunchScreen.storyboard;
			sourceTree = "<group>";
		};
/* End PBXVariantGroup section */

/* Begin XCBuildConfiguration section */
		2757105A1C41913F007A6DAC /* Debug */ = {
			isa = XCBuildConfiguration;
			buildSettings = {
				ALWAYS_SEARCH_USER_PATHS = NO;
				CLANG_CXX_LANGUAGE_STANDARD = "gnu++0x";
				CLANG_CXX_LIBRARY = "libc++";
				CLANG_ENABLE_MODULES = YES;
				CLANG_ENABLE_OBJC_ARC = YES;
				CLANG_WARN_BOOL_CONVERSION = YES;
				CLANG_WARN_CONSTANT_CONVERSION = YES;
				CLANG_WARN_DIRECT_OBJC_ISA_USAGE = YES_ERROR;
				CLANG_WARN_EMPTY_BODY = YES;
				CLANG_WARN_ENUM_CONVERSION = YES;
				CLANG_WARN_INT_CONVERSION = YES;
				CLANG_WARN_OBJC_ROOT_CLASS = YES_ERROR;
				CLANG_WARN_UNREACHABLE_CODE = YES;
				CLANG_WARN__DUPLICATE_METHOD_MATCH = YES;
				"CODE_SIGN_IDENTITY[sdk=iphoneos*]" = "iPhone Developer";
				COPY_PHASE_STRIP = NO;
				DEBUG_INFORMATION_FORMAT = dwarf;
				ENABLE_STRICT_OBJC_MSGSEND = YES;
				ENABLE_TESTABILITY = YES;
				GCC_C_LANGUAGE_STANDARD = gnu99;
				GCC_DYNAMIC_NO_PIC = NO;
				GCC_NO_COMMON_BLOCKS = YES;
				GCC_OPTIMIZATION_LEVEL = 0;
				GCC_PREPROCESSOR_DEFINITIONS = (
					"DEBUG=1",
					"$(inherited)",
				);
				GCC_WARN_64_TO_32_BIT_CONVERSION = YES;
				GCC_WARN_ABOUT_RETURN_TYPE = YES_ERROR;
				GCC_WARN_UNDECLARED_SELECTOR = YES;
				GCC_WARN_UNINITIALIZED_AUTOS = YES_AGGRESSIVE;
				GCC_WARN_UNUSED_FUNCTION = YES;
				GCC_WARN_UNUSED_VARIABLE = YES;
				IPHONEOS_DEPLOYMENT_TARGET = 9.2;
				MTL_ENABLE_DEBUG_INFO = YES;
				ONLY_ACTIVE_ARCH = YES;
				SDKROOT = iphoneos;
				TARGETED_DEVICE_FAMILY = "1,2";
			};
			name = Debug;
		};
		2757105B1C41913F007A6DAC /* Release */ = {
			isa = XCBuildConfiguration;
			buildSettings = {
				ALWAYS_SEARCH_USER_PATHS = NO;
				CLANG_CXX_LANGUAGE_STANDARD = "gnu++0x";
				CLANG_CXX_LIBRARY = "libc++";
				CLANG_ENABLE_MODULES = YES;
				CLANG_ENABLE_OBJC_ARC = YES;
				CLANG_WARN_BOOL_CONVERSION = YES;
				CLANG_WARN_CONSTANT_CONVERSION = YES;
				CLANG_WARN_DIRECT_OBJC_ISA_USAGE = YES_ERROR;
				CLANG_WARN_EMPTY_BODY = YES;
				CLANG_WARN_ENUM_CONVERSION = YES;
				CLANG_WARN_INT_CONVERSION = YES;
				CLANG_WARN_OBJC_ROOT_CLASS = YES_ERROR;
				CLANG_WARN_UNREACHABLE_CODE = YES;
				CLANG_WARN__DUPLICATE_METHOD_MATCH = YES;
				"CODE_SIGN_IDENTITY[sdk=iphoneos*]" = "iPhone Developer";
				COPY_PHASE_STRIP = NO;
				DEBUG_INFORMATION_FORMAT = "dwarf-with-dsym";
				ENABLE_NS_ASSERTIONS = NO;
				ENABLE_STRICT_OBJC_MSGSEND = YES;
				GCC_C_LANGUAGE_STANDARD = gnu99;
				GCC_NO_COMMON_BLOCKS = YES;
				GCC_WARN_64_TO_32_BIT_CONVERSION = YES;
				GCC_WARN_ABOUT_RETURN_TYPE = YES_ERROR;
				GCC_WARN_UNDECLARED_SELECTOR = YES;
				GCC_WARN_UNINITIALIZED_AUTOS = YES_AGGRESSIVE;
				GCC_WARN_UNUSED_FUNCTION = YES;
				GCC_WARN_UNUSED_VARIABLE = YES;
				IPHONEOS_DEPLOYMENT_TARGET = 9.2;
				MTL_ENABLE_DEBUG_INFO = NO;
				SDKROOT = iphoneos;
				TARGETED_DEVICE_FAMILY = "1,2";
				VALIDATE_PRODUCT = YES;
			};
			name = Release;
		};
		2757105D1C41913F007A6DAC /* Debug */ = {
			isa = XCBuildConfiguration;
			buildSettings = {
				ASSETCATALOG_COMPILER_APPICON_NAME = AppIcon;
				INFOPLIST_FILE = "design-pattern-exercice/Info.plist";
				LD_RUNPATH_SEARCH_PATHS = "$(inherited) @executable_path/Frameworks";
				PRODUCT_BUNDLE_IDENTIFIER = "com.hytsoung.design-pattern-exercice";
				PRODUCT_NAME = "$(TARGET_NAME)";
			};
			name = Debug;
		};
		2757105E1C41913F007A6DAC /* Release */ = {
			isa = XCBuildConfiguration;
			buildSettings = {
				ASSETCATALOG_COMPILER_APPICON_NAME = AppIcon;
				INFOPLIST_FILE = "design-pattern-exercice/Info.plist";
				LD_RUNPATH_SEARCH_PATHS = "$(inherited) @executable_path/Frameworks";
				PRODUCT_BUNDLE_IDENTIFIER = "com.hytsoung.design-pattern-exercice";
				PRODUCT_NAME = "$(TARGET_NAME)";
			};
			name = Release;
		};
/* End XCBuildConfiguration section */

/* Begin XCConfigurationList section */
		275710401C41913F007A6DAC /* Build configuration list for PBXProject "design-pattern-exercice" */ = {
			isa = XCConfigurationList;
			buildConfigurations = (
				2757105A1C41913F007A6DAC /* Debug */,
				2757105B1C41913F007A6DAC /* Release */,
			);
			defaultConfigurationIsVisible = 0;
			defaultConfigurationName = Release;
		};
		2757105C1C41913F007A6DAC /* Build configuration list for PBXNativeTarget "design-pattern-exercice" */ = {
			isa = XCConfigurationList;
			buildConfigurations = (
				2757105D1C41913F007A6DAC /* Debug */,
				2757105E1C41913F007A6DAC /* Release */,
			);
			defaultConfigurationIsVisible = 0;
			defaultConfigurationName = Release;
		};
/* End XCConfigurationList section */
	};
	rootObject = 2757103D1C41913F007A6DAC /* Project object */;
}
